// !$*UTF8*$!
{
	archiveVersion = 1;
	classes = {
	};
	objectVersion = 51;
	objects = {

/* Begin PBXBuildFile section */
		454B9627058117EEC069BF55 /* Pods_MovieApp_MovieAppUITests.framework in Frameworks */ = {isa = PBXBuildFile; fileRef = 24947C42D541C655A9941081 /* Pods_MovieApp_MovieAppUITests.framework */; };
		4DB44C9E4C2A2191FF4064B7 /* Pods_MovieApp.framework in Frameworks */ = {isa = PBXBuildFile; fileRef = A6FAF8AFA822A304C5BE2AC5 /* Pods_MovieApp.framework */; };
		5701CBEE25283D4C0072C276 /* MovieDetailsViewController.swift in Sources */ = {isa = PBXBuildFile; fileRef = 5701CBED25283D4C0072C276 /* MovieDetailsViewController.swift */; };
		5701CBF325284ECC0072C276 /* MovieGridViewController.swift in Sources */ = {isa = PBXBuildFile; fileRef = 5701CBF225284ECC0072C276 /* MovieGridViewController.swift */; };
		5701CBF8252854BD0072C276 /* MovieGridCell.swift in Sources */ = {isa = PBXBuildFile; fileRef = 5701CBF7252854BB0072C276 /* MovieGridCell.swift */; };
		577B5F61251EA75400F14E33 /* AppDelegate.swift in Sources */ = {isa = PBXBuildFile; fileRef = 577B5F60251EA75400F14E33 /* AppDelegate.swift */; };
		577B5F63251EA75400F14E33 /* SceneDelegate.swift in Sources */ = {isa = PBXBuildFile; fileRef = 577B5F62251EA75400F14E33 /* SceneDelegate.swift */; };
		577B5F68251EA75400F14E33 /* Main.storyboard in Resources */ = {isa = PBXBuildFile; fileRef = 577B5F66251EA75400F14E33 /* Main.storyboard */; };
		577B5F6A251EA75800F14E33 /* Assets.xcassets in Resources */ = {isa = PBXBuildFile; fileRef = 577B5F69251EA75800F14E33 /* Assets.xcassets */; };
		577B5F6D251EA75800F14E33 /* LaunchScreen.storyboard in Resources */ = {isa = PBXBuildFile; fileRef = 577B5F6B251EA75800F14E33 /* LaunchScreen.storyboard */; };
		577B5F78251EA75800F14E33 /* MovieAppTests.swift in Sources */ = {isa = PBXBuildFile; fileRef = 577B5F77251EA75800F14E33 /* MovieAppTests.swift */; };
		577B5F83251EA75800F14E33 /* MovieAppUITests.swift in Sources */ = {isa = PBXBuildFile; fileRef = 577B5F82251EA75800F14E33 /* MovieAppUITests.swift */; };
		577B5F97251EA9FE00F14E33 /* MoviesViewController.swift in Sources */ = {isa = PBXBuildFile; fileRef = 577B5F96251EA9FE00F14E33 /* MoviesViewController.swift */; };
		577B5F9C251EBF5B00F14E33 /* MovieCell.swift in Sources */ = {isa = PBXBuildFile; fileRef = 577B5F9B251EBF5B00F14E33 /* MovieCell.swift */; };
		E4094BBECB8A2D1D2AFF8EFB /* Pods_MovieAppTests.framework in Frameworks */ = {isa = PBXBuildFile; fileRef = 226F9E16873F21D3D0B5C9A9 /* Pods_MovieAppTests.framework */; };
/* End PBXBuildFile section */

/* Begin PBXContainerItemProxy section */
		577B5F74251EA75800F14E33 /* PBXContainerItemProxy */ = {
			isa = PBXContainerItemProxy;
			containerPortal = 577B5F55251EA75400F14E33 /* Project object */;
			proxyType = 1;
			remoteGlobalIDString = 577B5F5C251EA75400F14E33;
			remoteInfo = MovieApp;
		};
		577B5F7F251EA75800F14E33 /* PBXContainerItemProxy */ = {
			isa = PBXContainerItemProxy;
			containerPortal = 577B5F55251EA75400F14E33 /* Project object */;
			proxyType = 1;
			remoteGlobalIDString = 577B5F5C251EA75400F14E33;
			remoteInfo = MovieApp;
		};
/* End PBXContainerItemProxy section */

/* Begin PBXFileReference section */
		226E4D314824C690F33EF0B8 /* Pods-MovieApp-MovieAppUITests.release.xcconfig */ = {isa = PBXFileReference; includeInIndex = 1; lastKnownFileType = text.xcconfig; name = "Pods-MovieApp-MovieAppUITests.release.xcconfig"; path = "Target Support Files/Pods-MovieApp-MovieAppUITests/Pods-MovieApp-MovieAppUITests.release.xcconfig"; sourceTree = "<group>"; };
		226F9E16873F21D3D0B5C9A9 /* Pods_MovieAppTests.framework */ = {isa = PBXFileReference; explicitFileType = wrapper.framework; includeInIndex = 0; path = Pods_MovieAppTests.framework; sourceTree = BUILT_PRODUCTS_DIR; };
		24947C42D541C655A9941081 /* Pods_MovieApp_MovieAppUITests.framework */ = {isa = PBXFileReference; explicitFileType = wrapper.framework; includeInIndex = 0; path = Pods_MovieApp_MovieAppUITests.framework; sourceTree = BUILT_PRODUCTS_DIR; };
		2DF4B60AB555AF56A0C4523B /* Pods-MovieApp.release.xcconfig */ = {isa = PBXFileReference; includeInIndex = 1; lastKnownFileType = text.xcconfig; name = "Pods-MovieApp.release.xcconfig"; path = "Target Support Files/Pods-MovieApp/Pods-MovieApp.release.xcconfig"; sourceTree = "<group>"; };
		377717ED2EE7C9B546F3ED4A /* Pods-MovieAppTests.debug.xcconfig */ = {isa = PBXFileReference; includeInIndex = 1; lastKnownFileType = text.xcconfig; name = "Pods-MovieAppTests.debug.xcconfig"; path = "Target Support Files/Pods-MovieAppTests/Pods-MovieAppTests.debug.xcconfig"; sourceTree = "<group>"; };
		523A58F22DBD7CAD906C565B /* Pods-MovieApp.debug.xcconfig */ = {isa = PBXFileReference; includeInIndex = 1; lastKnownFileType = text.xcconfig; name = "Pods-MovieApp.debug.xcconfig"; path = "Target Support Files/Pods-MovieApp/Pods-MovieApp.debug.xcconfig"; sourceTree = "<group>"; };
		5701CBED25283D4C0072C276 /* MovieDetailsViewController.swift */ = {isa = PBXFileReference; lastKnownFileType = sourcecode.swift; path = MovieDetailsViewController.swift; sourceTree = "<group>"; };
		5701CBF225284ECC0072C276 /* MovieGridViewController.swift */ = {isa = PBXFileReference; lastKnownFileType = sourcecode.swift; path = MovieGridViewController.swift; sourceTree = "<group>"; };
		5701CBF7252854BB0072C276 /* MovieGridCell.swift */ = {isa = PBXFileReference; lastKnownFileType = sourcecode.swift; path = MovieGridCell.swift; sourceTree = "<group>"; };
		577B5F5D251EA75400F14E33 /* MovieApp.app */ = {isa = PBXFileReference; explicitFileType = wrapper.application; includeInIndex = 0; path = MovieApp.app; sourceTree = BUILT_PRODUCTS_DIR; };
		577B5F60251EA75400F14E33 /* AppDelegate.swift */ = {isa = PBXFileReference; lastKnownFileType = sourcecode.swift; path = AppDelegate.swift; sourceTree = "<group>"; };
		577B5F62251EA75400F14E33 /* SceneDelegate.swift */ = {isa = PBXFileReference; lastKnownFileType = sourcecode.swift; path = SceneDelegate.swift; sourceTree = "<group>"; };
		577B5F67251EA75400F14E33 /* Base */ = {isa = PBXFileReference; lastKnownFileType = file.storyboard; name = Base; path = Base.lproj/Main.storyboard; sourceTree = "<group>"; };
		577B5F69251EA75800F14E33 /* Assets.xcassets */ = {isa = PBXFileReference; lastKnownFileType = folder.assetcatalog; path = Assets.xcassets; sourceTree = "<group>"; };
		577B5F6C251EA75800F14E33 /* Base */ = {isa = PBXFileReference; lastKnownFileType = file.storyboard; name = Base; path = Base.lproj/LaunchScreen.storyboard; sourceTree = "<group>"; };
		577B5F6E251EA75800F14E33 /* Info.plist */ = {isa = PBXFileReference; lastKnownFileType = text.plist.xml; path = Info.plist; sourceTree = "<group>"; };
		577B5F73251EA75800F14E33 /* MovieAppTests.xctest */ = {isa = PBXFileReference; explicitFileType = wrapper.cfbundle; includeInIndex = 0; path = MovieAppTests.xctest; sourceTree = BUILT_PRODUCTS_DIR; };
		577B5F77251EA75800F14E33 /* MovieAppTests.swift */ = {isa = PBXFileReference; lastKnownFileType = sourcecode.swift; path = MovieAppTests.swift; sourceTree = "<group>"; };
		577B5F79251EA75800F14E33 /* Info.plist */ = {isa = PBXFileReference; lastKnownFileType = text.plist.xml; path = Info.plist; sourceTree = "<group>"; };
		577B5F7E251EA75800F14E33 /* MovieAppUITests.xctest */ = {isa = PBXFileReference; explicitFileType = wrapper.cfbundle; includeInIndex = 0; path = MovieAppUITests.xctest; sourceTree = BUILT_PRODUCTS_DIR; };
		577B5F82251EA75800F14E33 /* MovieAppUITests.swift */ = {isa = PBXFileReference; lastKnownFileType = sourcecode.swift; path = MovieAppUITests.swift; sourceTree = "<group>"; };
		577B5F84251EA75800F14E33 /* Info.plist */ = {isa = PBXFileReference; lastKnownFileType = text.plist.xml; path = Info.plist; sourceTree = "<group>"; };
		577B5F96251EA9FE00F14E33 /* MoviesViewController.swift */ = {isa = PBXFileReference; lastKnownFileType = sourcecode.swift; path = MoviesViewController.swift; sourceTree = "<group>"; };
		577B5F9B251EBF5B00F14E33 /* MovieCell.swift */ = {isa = PBXFileReference; lastKnownFileType = sourcecode.swift; path = MovieCell.swift; sourceTree = "<group>"; };
		7AD5491299D3CFF29C976185 /* Pods-MovieAppTests.release.xcconfig */ = {isa = PBXFileReference; includeInIndex = 1; lastKnownFileType = text.xcconfig; name = "Pods-MovieAppTests.release.xcconfig"; path = "Target Support Files/Pods-MovieAppTests/Pods-MovieAppTests.release.xcconfig"; sourceTree = "<group>"; };
		A6FAF8AFA822A304C5BE2AC5 /* Pods_MovieApp.framework */ = {isa = PBXFileReference; explicitFileType = wrapper.framework; includeInIndex = 0; path = Pods_MovieApp.framework; sourceTree = BUILT_PRODUCTS_DIR; };
		E346396310AEEE575E9F3A53 /* Pods-MovieApp-MovieAppUITests.debug.xcconfig */ = {isa = PBXFileReference; includeInIndex = 1; lastKnownFileType = text.xcconfig; name = "Pods-MovieApp-MovieAppUITests.debug.xcconfig"; path = "Target Support Files/Pods-MovieApp-MovieAppUITests/Pods-MovieApp-MovieAppUITests.debug.xcconfig"; sourceTree = "<group>"; };
/* End PBXFileReference section */

/* Begin PBXFrameworksBuildPhase section */
		577B5F5A251EA75400F14E33 /* Frameworks */ = {
			isa = PBXFrameworksBuildPhase;
			buildActionMask = 2147483647;
			files = (
				4DB44C9E4C2A2191FF4064B7 /* Pods_MovieApp.framework in Frameworks */,
			);
			runOnlyForDeploymentPostprocessing = 0;
		};
		577B5F70251EA75800F14E33 /* Frameworks */ = {
			isa = PBXFrameworksBuildPhase;
			buildActionMask = 2147483647;
			files = (
				E4094BBECB8A2D1D2AFF8EFB /* Pods_MovieAppTests.framework in Frameworks */,
			);
			runOnlyForDeploymentPostprocessing = 0;
		};
		577B5F7B251EA75800F14E33 /* Frameworks */ = {
			isa = PBXFrameworksBuildPhase;
			buildActionMask = 2147483647;
			files = (
				454B9627058117EEC069BF55 /* Pods_MovieApp_MovieAppUITests.framework in Frameworks */,
			);
			runOnlyForDeploymentPostprocessing = 0;
		};
/* End PBXFrameworksBuildPhase section */

/* Begin PBXGroup section */
		577B5F54251EA75400F14E33 = {
			isa = PBXGroup;
			children = (
				577B5F5F251EA75400F14E33 /* MovieApp */,
				577B5F76251EA75800F14E33 /* MovieAppTests */,
				577B5F81251EA75800F14E33 /* MovieAppUITests */,
				577B5F5E251EA75400F14E33 /* Products */,
				E879C5C9DCCC153D9F866EBB /* Pods */,
				E870C38AE3667CD4B7C93D18 /* Frameworks */,
			);
			sourceTree = "<group>";
		};
		577B5F5E251EA75400F14E33 /* Products */ = {
			isa = PBXGroup;
			children = (
				577B5F5D251EA75400F14E33 /* MovieApp.app */,
				577B5F73251EA75800F14E33 /* MovieAppTests.xctest */,
				577B5F7E251EA75800F14E33 /* MovieAppUITests.xctest */,
			);
			name = Products;
			sourceTree = "<group>";
		};
		577B5F5F251EA75400F14E33 /* MovieApp */ = {
			isa = PBXGroup;
			children = (
				577B5F60251EA75400F14E33 /* AppDelegate.swift */,
				577B5F62251EA75400F14E33 /* SceneDelegate.swift */,
				577B5F66251EA75400F14E33 /* Main.storyboard */,
				577B5F69251EA75800F14E33 /* Assets.xcassets */,
				577B5F6B251EA75800F14E33 /* LaunchScreen.storyboard */,
				577B5F6E251EA75800F14E33 /* Info.plist */,
				577B5F96251EA9FE00F14E33 /* MoviesViewController.swift */,
				577B5F9B251EBF5B00F14E33 /* MovieCell.swift */,
				5701CBED25283D4C0072C276 /* MovieDetailsViewController.swift */,
				5701CBF225284ECC0072C276 /* MovieGridViewController.swift */,
				5701CBF7252854BB0072C276 /* MovieGridCell.swift */,
			);
			path = MovieApp;
			sourceTree = "<group>";
		};
		577B5F76251EA75800F14E33 /* MovieAppTests */ = {
			isa = PBXGroup;
			children = (
				577B5F77251EA75800F14E33 /* MovieAppTests.swift */,
				577B5F79251EA75800F14E33 /* Info.plist */,
			);
			path = MovieAppTests;
			sourceTree = "<group>";
		};
		577B5F81251EA75800F14E33 /* MovieAppUITests */ = {
			isa = PBXGroup;
			children = (
				577B5F82251EA75800F14E33 /* MovieAppUITests.swift */,
				577B5F84251EA75800F14E33 /* Info.plist */,
			);
			path = MovieAppUITests;
			sourceTree = "<group>";
		};
		E870C38AE3667CD4B7C93D18 /* Frameworks */ = {
			isa = PBXGroup;
			children = (
				A6FAF8AFA822A304C5BE2AC5 /* Pods_MovieApp.framework */,
				24947C42D541C655A9941081 /* Pods_MovieApp_MovieAppUITests.framework */,
				226F9E16873F21D3D0B5C9A9 /* Pods_MovieAppTests.framework */,
			);
			name = Frameworks;
			sourceTree = "<group>";
		};
		E879C5C9DCCC153D9F866EBB /* Pods */ = {
			isa = PBXGroup;
			children = (
				523A58F22DBD7CAD906C565B /* Pods-MovieApp.debug.xcconfig */,
				2DF4B60AB555AF56A0C4523B /* Pods-MovieApp.release.xcconfig */,
				E346396310AEEE575E9F3A53 /* Pods-MovieApp-MovieAppUITests.debug.xcconfig */,
				226E4D314824C690F33EF0B8 /* Pods-MovieApp-MovieAppUITests.release.xcconfig */,
				377717ED2EE7C9B546F3ED4A /* Pods-MovieAppTests.debug.xcconfig */,
				7AD5491299D3CFF29C976185 /* Pods-MovieAppTests.release.xcconfig */,
			);
			path = Pods;
			sourceTree = "<group>";
		};
/* End PBXGroup section */

/* Begin PBXNativeTarget section */
		577B5F5C251EA75400F14E33 /* MovieApp */ = {
			isa = PBXNativeTarget;
			buildConfigurationList = 577B5F87251EA75800F14E33 /* Build configuration list for PBXNativeTarget "MovieApp" */;
			buildPhases = (
				71FCE9B0A6B47FB32041398F /* [CP] Check Pods Manifest.lock */,
				577B5F59251EA75400F14E33 /* Sources */,
				577B5F5A251EA75400F14E33 /* Frameworks */,
				577B5F5B251EA75400F14E33 /* Resources */,
				22915A6ED38E01B614CE8422 /* [CP] Embed Pods Frameworks */,
			);
			buildRules = (
			);
			dependencies = (
			);
			name = MovieApp;
			productName = MovieApp;
			productReference = 577B5F5D251EA75400F14E33 /* MovieApp.app */;
			productType = "com.apple.product-type.application";
		};
		577B5F72251EA75800F14E33 /* MovieAppTests */ = {
			isa = PBXNativeTarget;
			buildConfigurationList = 577B5F8A251EA75800F14E33 /* Build configuration list for PBXNativeTarget "MovieAppTests" */;
			buildPhases = (
				53AD9DBE94731AC2E773F66B /* [CP] Check Pods Manifest.lock */,
				577B5F6F251EA75800F14E33 /* Sources */,
				577B5F70251EA75800F14E33 /* Frameworks */,
				577B5F71251EA75800F14E33 /* Resources */,
			);
			buildRules = (
			);
			dependencies = (
				577B5F75251EA75800F14E33 /* PBXTargetDependency */,
			);
			name = MovieAppTests;
			productName = MovieAppTests;
			productReference = 577B5F73251EA75800F14E33 /* MovieAppTests.xctest */;
			productType = "com.apple.product-type.bundle.unit-test";
		};
		577B5F7D251EA75800F14E33 /* MovieAppUITests */ = {
			isa = PBXNativeTarget;
			buildConfigurationList = 577B5F8D251EA75800F14E33 /* Build configuration list for PBXNativeTarget "MovieAppUITests" */;
			buildPhases = (
				94E67C6C57B71EBAE9D59D67 /* [CP] Check Pods Manifest.lock */,
				577B5F7A251EA75800F14E33 /* Sources */,
				577B5F7B251EA75800F14E33 /* Frameworks */,
				577B5F7C251EA75800F14E33 /* Resources */,
				A90BE807E837511D90414EFB /* [CP] Embed Pods Frameworks */,
			);
			buildRules = (
			);
			dependencies = (
				577B5F80251EA75800F14E33 /* PBXTargetDependency */,
			);
			name = MovieAppUITests;
			productName = MovieAppUITests;
			productReference = 577B5F7E251EA75800F14E33 /* MovieAppUITests.xctest */;
			productType = "com.apple.product-type.bundle.ui-testing";
		};
/* End PBXNativeTarget section */

/* Begin PBXProject section */
		577B5F55251EA75400F14E33 /* Project object */ = {
			isa = PBXProject;
			attributes = {
				LastSwiftUpdateCheck = 1200;
				LastUpgradeCheck = 1200;
				TargetAttributes = {
					577B5F5C251EA75400F14E33 = {
						CreatedOnToolsVersion = 12.0;
					};
					577B5F72251EA75800F14E33 = {
						CreatedOnToolsVersion = 12.0;
						TestTargetID = 577B5F5C251EA75400F14E33;
					};
					577B5F7D251EA75800F14E33 = {
						CreatedOnToolsVersion = 12.0;
						TestTargetID = 577B5F5C251EA75400F14E33;
					};
				};
			};
			buildConfigurationList = 577B5F58251EA75400F14E33 /* Build configuration list for PBXProject "MovieApp" */;
			compatibilityVersion = "Xcode 9.3";
			developmentRegion = en;
			hasScannedForEncodings = 0;
			knownRegions = (
				en,
				Base,
			);
			mainGroup = 577B5F54251EA75400F14E33;
			productRefGroup = 577B5F5E251EA75400F14E33 /* Products */;
			projectDirPath = "";
			projectRoot = "";
			targets = (
				577B5F5C251EA75400F14E33 /* MovieApp */,
				577B5F72251EA75800F14E33 /* MovieAppTests */,
				577B5F7D251EA75800F14E33 /* MovieAppUITests */,
			);
		};
/* End PBXProject section */

/* Begin PBXResourcesBuildPhase section */
		577B5F5B251EA75400F14E33 /* Resources */ = {
			isa = PBXResourcesBuildPhase;
			buildActionMask = 2147483647;
			files = (
				577B5F6D251EA75800F14E33 /* LaunchScreen.storyboard in Resources */,
				577B5F6A251EA75800F14E33 /* Assets.xcassets in Resources */,
				577B5F68251EA75400F14E33 /* Main.storyboard in Resources */,
			);
			runOnlyForDeploymentPostprocessing = 0;
		};
		577B5F71251EA75800F14E33 /* Resources */ = {
			isa = PBXResourcesBuildPhase;
			buildActionMask = 2147483647;
			files = (
			);
			runOnlyForDeploymentPostprocessing = 0;
		};
		577B5F7C251EA75800F14E33 /* Resources */ = {
			isa = PBXResourcesBuildPhase;
			buildActionMask = 2147483647;
			files = (
			);
			runOnlyForDeploymentPostprocessing = 0;
		};
/* End PBXResourcesBuildPhase section */

/* Begin PBXShellScriptBuildPhase section */
		22915A6ED38E01B614CE8422 /* [CP] Embed Pods Frameworks */ = {
			isa = PBXShellScriptBuildPhase;
			buildActionMask = 2147483647;
			files = (
			);
			inputFileListPaths = (
				"${PODS_ROOT}/Target Support Files/Pods-MovieApp/Pods-MovieApp-frameworks-${CONFIGURATION}-input-files.xcfilelist",
			);
			name = "[CP] Embed Pods Frameworks";
			outputFileListPaths = (
				"${PODS_ROOT}/Target Support Files/Pods-MovieApp/Pods-MovieApp-frameworks-${CONFIGURATION}-output-files.xcfilelist",
			);
			runOnlyForDeploymentPostprocessing = 0;
			shellPath = /bin/sh;
			shellScript = "\"${PODS_ROOT}/Target Support Files/Pods-MovieApp/Pods-MovieApp-frameworks.sh\"\n";
			showEnvVarsInLog = 0;
		};
		53AD9DBE94731AC2E773F66B /* [CP] Check Pods Manifest.lock */ = {
			isa = PBXShellScriptBuildPhase;
			buildActionMask = 2147483647;
			files = (
			);
			inputFileListPaths = (
			);
			inputPaths = (
				"${PODS_PODFILE_DIR_PATH}/Podfile.lock",
				"${PODS_ROOT}/Manifest.lock",
			);
			name = "[CP] Check Pods Manifest.lock";
			outputFileListPaths = (
			);
			outputPaths = (
				"$(DERIVED_FILE_DIR)/Pods-MovieAppTests-checkManifestLockResult.txt",
			);
			runOnlyForDeploymentPostprocessing = 0;
			shellPath = /bin/sh;
			shellScript = "diff \"${PODS_PODFILE_DIR_PATH}/Podfile.lock\" \"${PODS_ROOT}/Manifest.lock\" > /dev/null\nif [ $? != 0 ] ; then\n    # print error to STDERR\n    echo \"error: The sandbox is not in sync with the Podfile.lock. Run 'pod install' or update your CocoaPods installation.\" >&2\n    exit 1\nfi\n# This output is used by Xcode 'outputs' to avoid re-running this script phase.\necho \"SUCCESS\" > \"${SCRIPT_OUTPUT_FILE_0}\"\n";
			showEnvVarsInLog = 0;
		};
		71FCE9B0A6B47FB32041398F /* [CP] Check Pods Manifest.lock */ = {
			isa = PBXShellScriptBuildPhase;
			buildActionMask = 2147483647;
			files = (
			);
			inputFileListPaths = (
			);
			inputPaths = (
				"${PODS_PODFILE_DIR_PATH}/Podfile.lock",
				"${PODS_ROOT}/Manifest.lock",
			);
			name = "[CP] Check Pods Manifest.lock";
			outputFileListPaths = (
			);
			outputPaths = (
				"$(DERIVED_FILE_DIR)/Pods-MovieApp-checkManifestLockResult.txt",
			);
			runOnlyForDeploymentPostprocessing = 0;
			shellPath = /bin/sh;
			shellScript = "diff \"${PODS_PODFILE_DIR_PATH}/Podfile.lock\" \"${PODS_ROOT}/Manifest.lock\" > /dev/null\nif [ $? != 0 ] ; then\n    # print error to STDERR\n    echo \"error: The sandbox is not in sync with the Podfile.lock. Run 'pod install' or update your CocoaPods installation.\" >&2\n    exit 1\nfi\n# This output is used by Xcode 'outputs' to avoid re-running this script phase.\necho \"SUCCESS\" > \"${SCRIPT_OUTPUT_FILE_0}\"\n";
			showEnvVarsInLog = 0;
		};
		94E67C6C57B71EBAE9D59D67 /* [CP] Check Pods Manifest.lock */ = {
			isa = PBXShellScriptBuildPhase;
			buildActionMask = 2147483647;
			files = (
			);
			inputFileListPaths = (
			);
			inputPaths = (
				"${PODS_PODFILE_DIR_PATH}/Podfile.lock",
				"${PODS_ROOT}/Manifest.lock",
			);
			name = "[CP] Check Pods Manifest.lock";
			outputFileListPaths = (
			);
			outputPaths = (
				"$(DERIVED_FILE_DIR)/Pods-MovieApp-MovieAppUITests-checkManifestLockResult.txt",
			);
			runOnlyForDeploymentPostprocessing = 0;
			shellPath = /bin/sh;
			shellScript = "diff \"${PODS_PODFILE_DIR_PATH}/Podfile.lock\" \"${PODS_ROOT}/Manifest.lock\" > /dev/null\nif [ $? != 0 ] ; then\n    # print error to STDERR\n    echo \"error: The sandbox is not in sync with the Podfile.lock. Run 'pod install' or update your CocoaPods installation.\" >&2\n    exit 1\nfi\n# This output is used by Xcode 'outputs' to avoid re-running this script phase.\necho \"SUCCESS\" > \"${SCRIPT_OUTPUT_FILE_0}\"\n";
			showEnvVarsInLog = 0;
		};
		A90BE807E837511D90414EFB /* [CP] Embed Pods Frameworks */ = {
			isa = PBXShellScriptBuildPhase;
			buildActionMask = 2147483647;
			files = (
			);
			inputFileListPaths = (
				"${PODS_ROOT}/Target Support Files/Pods-MovieApp-MovieAppUITests/Pods-MovieApp-MovieAppUITests-frameworks-${CONFIGURATION}-input-files.xcfilelist",
			);
			name = "[CP] Embed Pods Frameworks";
			outputFileListPaths = (
				"${PODS_ROOT}/Target Support Files/Pods-MovieApp-MovieAppUITests/Pods-MovieApp-MovieAppUITests-frameworks-${CONFIGURATION}-output-files.xcfilelist",
			);
			runOnlyForDeploymentPostprocessing = 0;
			shellPath = /bin/sh;
			shellScript = "\"${PODS_ROOT}/Target Support Files/Pods-MovieApp-MovieAppUITests/Pods-MovieApp-MovieAppUITests-frameworks.sh\"\n";
			showEnvVarsInLog = 0;
		};
/* End PBXShellScriptBuildPhase section */

/* Begin PBXSourcesBuildPhase section */
		577B5F59251EA75400F14E33 /* Sources */ = {
			isa = PBXSourcesBuildPhase;
			buildActionMask = 2147483647;
			files = (
				5701CBEE25283D4C0072C276 /* MovieDetailsViewController.swift in Sources */,
				577B5F61251EA75400F14E33 /* AppDelegate.swift in Sources */,
				577B5F63251EA75400F14E33 /* SceneDelegate.swift in Sources */,
				577B5F9C251EBF5B00F14E33 /* MovieCell.swift in Sources */,
				577B5F97251EA9FE00F14E33 /* MoviesViewController.swift in Sources */,
				5701CBF325284ECC0072C276 /* MovieGridViewController.swift in Sources */,
				5701CBF8252854BD0072C276 /* MovieGridCell.swift in Sources */,
			);
			runOnlyForDeploymentPostprocessing = 0;
		};
		577B5F6F251EA75800F14E33 /* Sources */ = {
			isa = PBXSourcesBuildPhase;
			buildActionMask = 2147483647;
			files = (
				577B5F78251EA75800F14E33 /* MovieAppTests.swift in Sources */,
			);
			runOnlyForDeploymentPostprocessing = 0;
		};
		577B5F7A251EA75800F14E33 /* Sources */ = {
			isa = PBXSourcesBuildPhase;
			buildActionMask = 2147483647;
			files = (
				577B5F83251EA75800F14E33 /* MovieAppUITests.swift in Sources */,
			);
			runOnlyForDeploymentPostprocessing = 0;
		};
/* End PBXSourcesBuildPhase section */

/* Begin PBXTargetDependency section */
		577B5F75251EA75800F14E33 /* PBXTargetDependency */ = {
			isa = PBXTargetDependency;
			target = 577B5F5C251EA75400F14E33 /* MovieApp */;
			targetProxy = 577B5F74251EA75800F14E33 /* PBXContainerItemProxy */;
		};
		577B5F80251EA75800F14E33 /* PBXTargetDependency */ = {
			isa = PBXTargetDependency;
			target = 577B5F5C251EA75400F14E33 /* MovieApp */;
			targetProxy = 577B5F7F251EA75800F14E33 /* PBXContainerItemProxy */;
		};
/* End PBXTargetDependency section */

/* Begin PBXVariantGroup section */
		577B5F66251EA75400F14E33 /* Main.storyboard */ = {
			isa = PBXVariantGroup;
			children = (
				577B5F67251EA75400F14E33 /* Base */,
			);
			name = Main.storyboard;
			sourceTree = "<group>";
		};
		577B5F6B251EA75800F14E33 /* LaunchScreen.storyboard */ = {
			isa = PBXVariantGroup;
			children = (
				577B5F6C251EA75800F14E33 /* Base */,
			);
			name = LaunchScreen.storyboard;
			sourceTree = "<group>";
		};
/* End PBXVariantGroup section */

/* Begin XCBuildConfiguration section */
		577B5F85251EA75800F14E33 /* Debug */ = {
			isa = XCBuildConfiguration;
			buildSettings = {
				ALWAYS_SEARCH_USER_PATHS = NO;
				CLANG_ANALYZER_NONNULL = YES;
				CLANG_ANALYZER_NUMBER_OBJECT_CONVERSION = YES_AGGRESSIVE;
				CLANG_CXX_LANGUAGE_STANDARD = "gnu++14";
				CLANG_CXX_LIBRARY = "libc++";
				CLANG_ENABLE_MODULES = YES;
				CLANG_ENABLE_OBJC_ARC = YES;
				CLANG_ENABLE_OBJC_WEAK = YES;
				CLANG_WARN_BLOCK_CAPTURE_AUTORELEASING = YES;
				CLANG_WARN_BOOL_CONVERSION = YES;
				CLANG_WARN_COMMA = YES;
				CLANG_WARN_CONSTANT_CONVERSION = YES;
				CLANG_WARN_DEPRECATED_OBJC_IMPLEMENTATIONS = YES;
				CLANG_WARN_DIRECT_OBJC_ISA_USAGE = YES_ERROR;
				CLANG_WARN_DOCUMENTATION_COMMENTS = YES;
				CLANG_WARN_EMPTY_BODY = YES;
				CLANG_WARN_ENUM_CONVERSION = YES;
				CLANG_WARN_INFINITE_RECURSION = YES;
				CLANG_WARN_INT_CONVERSION = YES;
				CLANG_WARN_NON_LITERAL_NULL_CONVERSION = YES;
				CLANG_WARN_OBJC_IMPLICIT_RETAIN_SELF = YES;
				CLANG_WARN_OBJC_LITERAL_CONVERSION = YES;
				CLANG_WARN_OBJC_ROOT_CLASS = YES_ERROR;
				CLANG_WARN_QUOTED_INCLUDE_IN_FRAMEWORK_HEADER = YES;
				CLANG_WARN_RANGE_LOOP_ANALYSIS = YES;
				CLANG_WARN_STRICT_PROTOTYPES = YES;
				CLANG_WARN_SUSPICIOUS_MOVE = YES;
				CLANG_WARN_UNGUARDED_AVAILABILITY = YES_AGGRESSIVE;
				CLANG_WARN_UNREACHABLE_CODE = YES;
				CLANG_WARN__DUPLICATE_METHOD_MATCH = YES;
				COPY_PHASE_STRIP = NO;
				DEBUG_INFORMATION_FORMAT = dwarf;
				ENABLE_STRICT_OBJC_MSGSEND = YES;
				ENABLE_TESTABILITY = YES;
				GCC_C_LANGUAGE_STANDARD = gnu11;
				GCC_DYNAMIC_NO_PIC = NO;
				GCC_NO_COMMON_BLOCKS = YES;
				GCC_OPTIMIZATION_LEVEL = 0;
				GCC_PREPROCESSOR_DEFINITIONS = (
					"DEBUG=1",
					"$(inherited)",
				);
				GCC_WARN_64_TO_32_BIT_CONVERSION = YES;
				GCC_WARN_ABOUT_RETURN_TYPE = YES_ERROR;
				GCC_WARN_UNDECLARED_SELECTOR = YES;
				GCC_WARN_UNINITIALIZED_AUTOS = YES_AGGRESSIVE;
				GCC_WARN_UNUSED_FUNCTION = YES;
				GCC_WARN_UNUSED_VARIABLE = YES;
				IPHONEOS_DEPLOYMENT_TARGET = 14.0;
				MTL_ENABLE_DEBUG_INFO = INCLUDE_SOURCE;
				MTL_FAST_MATH = YES;
				ONLY_ACTIVE_ARCH = YES;
				SDKROOT = iphoneos;
				SWIFT_ACTIVE_COMPILATION_CONDITIONS = DEBUG;
				SWIFT_OPTIMIZATION_LEVEL = "-Onone";
			};
			name = Debug;
		};
		577B5F86251EA75800F14E33 /* Release */ = {
			isa = XCBuildConfiguration;
			buildSettings = {
				ALWAYS_SEARCH_USER_PATHS = NO;
				CLANG_ANALYZER_NONNULL = YES;
				CLANG_ANALYZER_NUMBER_OBJECT_CONVERSION = YES_AGGRESSIVE;
				CLANG_CXX_LANGUAGE_STANDARD = "gnu++14";
				CLANG_CXX_LIBRARY = "libc++";
				CLANG_ENABLE_MODULES = YES;
				CLANG_ENABLE_OBJC_ARC = YES;
				CLANG_ENABLE_OBJC_WEAK = YES;
				CLANG_WARN_BLOCK_CAPTURE_AUTORELEASING = YES;
				CLANG_WARN_BOOL_CONVERSION = YES;
				CLANG_WARN_COMMA = YES;
				CLANG_WARN_CONSTANT_CONVERSION = YES;
				CLANG_WARN_DEPRECATED_OBJC_IMPLEMENTATIONS = YES;
				CLANG_WARN_DIRECT_OBJC_ISA_USAGE = YES_ERROR;
				CLANG_WARN_DOCUMENTATION_COMMENTS = YES;
				CLANG_WARN_EMPTY_BODY = YES;
				CLANG_WARN_ENUM_CONVERSION = YES;
				CLANG_WARN_INFINITE_RECURSION = YES;
				CLANG_WARN_INT_CONVERSION = YES;
				CLANG_WARN_NON_LITERAL_NULL_CONVERSION = YES;
				CLANG_WARN_OBJC_IMPLICIT_RETAIN_SELF = YES;
				CLANG_WARN_OBJC_LITERAL_CONVERSION = YES;
				CLANG_WARN_OBJC_ROOT_CLASS = YES_ERROR;
				CLANG_WARN_QUOTED_INCLUDE_IN_FRAMEWORK_HEADER = YES;
				CLANG_WARN_RANGE_LOOP_ANALYSIS = YES;
				CLANG_WARN_STRICT_PROTOTYPES = YES;
				CLANG_WARN_SUSPICIOUS_MOVE = YES;
				CLANG_WARN_UNGUARDED_AVAILABILITY = YES_AGGRESSIVE;
				CLANG_WARN_UNREACHABLE_CODE = YES;
				CLANG_WARN__DUPLICATE_METHOD_MATCH = YES;
				COPY_PHASE_STRIP = NO;
				DEBUG_INFORMATION_FORMAT = "dwarf-with-dsym";
				ENABLE_NS_ASSERTIONS = NO;
				ENABLE_STRICT_OBJC_MSGSEND = YES;
				GCC_C_LANGUAGE_STANDARD = gnu11;
				GCC_NO_COMMON_BLOCKS = YES;
				GCC_WARN_64_TO_32_BIT_CONVERSION = YES;
				GCC_WARN_ABOUT_RETURN_TYPE = YES_ERROR;
				GCC_WARN_UNDECLARED_SELECTOR = YES;
				GCC_WARN_UNINITIALIZED_AUTOS = YES_AGGRESSIVE;
				GCC_WARN_UNUSED_FUNCTION = YES;
				GCC_WARN_UNUSED_VARIABLE = YES;
				IPHONEOS_DEPLOYMENT_TARGET = 14.0;
				MTL_ENABLE_DEBUG_INFO = NO;
				MTL_FAST_MATH = YES;
				SDKROOT = iphoneos;
				SWIFT_COMPILATION_MODE = wholemodule;
				SWIFT_OPTIMIZATION_LEVEL = "-O";
				VALIDATE_PRODUCT = YES;
			};
			name = Release;
		};
		577B5F88251EA75800F14E33 /* Debug */ = {
			isa = XCBuildConfiguration;
			baseConfigurationReference = 523A58F22DBD7CAD906C565B /* Pods-MovieApp.debug.xcconfig */;
			buildSettings = {
				ASSETCATALOG_COMPILER_APPICON_NAME = AppIcon;
				ASSETCATALOG_COMPILER_GLOBAL_ACCENT_COLOR_NAME = AccentColor;
				CODE_SIGN_STYLE = Automatic;
				INFOPLIST_FILE = MovieApp/Info.plist;
				LD_RUNPATH_SEARCH_PATHS = (
					"$(inherited)",
					"@executable_path/Frameworks",
				);
				PRODUCT_BUNDLE_IDENTIFIER = vmiezah.MovieApp;
				PRODUCT_NAME = "$(TARGET_NAME)";
				SWIFT_VERSION = 5.0;
				TARGETED_DEVICE_FAMILY = "1,2";
			};
			name = Debug;
		};
		577B5F89251EA75800F14E33 /* Release */ = {
			isa = XCBuildConfiguration;
			baseConfigurationReference = 2DF4B60AB555AF56A0C4523B /* Pods-MovieApp.release.xcconfig */;
			buildSettings = {
				ASSETCATALOG_COMPILER_APPICON_NAME = AppIcon;
				ASSETCATALOG_COMPILER_GLOBAL_ACCENT_COLOR_NAME = AccentColor;
				CODE_SIGN_STYLE = Automatic;
				INFOPLIST_FILE = MovieApp/Info.plist;
				LD_RUNPATH_SEARCH_PATHS = (
					"$(inherited)",
					"@executable_path/Frameworks",
				);
				PRODUCT_BUNDLE_IDENTIFIER = vmiezah.MovieApp;
				PRODUCT_NAME = "$(TARGET_NAME)";
				SWIFT_VERSION = 5.0;
				TARGETED_DEVICE_FAMILY = "1,2";
			};
			name = Release;
		};
		577B5F8B251EA75800F14E33 /* Debug */ = {
			isa = XCBuildConfiguration;
			baseConfigurationReference = 377717ED2EE7C9B546F3ED4A /* Pods-MovieAppTests.debug.xcconfig */;
			buildSettings = {
				ALWAYS_EMBED_SWIFT_STANDARD_LIBRARIES = YES;
				BUNDLE_LOADER = "$(TEST_HOST)";
				CODE_SIGN_STYLE = Automatic;
				INFOPLIST_FILE = MovieAppTests/Info.plist;
				IPHONEOS_DEPLOYMENT_TARGET = 14.0;
				LD_RUNPATH_SEARCH_PATHS = (
					"$(inherited)",
					"@executable_path/Frameworks",
					"@loader_path/Frameworks",
				);
				PRODUCT_BUNDLE_IDENTIFIER = vmiezah.MovieAppTests;
				PRODUCT_NAME = "$(TARGET_NAME)";
				SWIFT_VERSION = 5.0;
				TARGETED_DEVICE_FAMILY = "1,2";
				TEST_HOST = "$(BUILT_PRODUCTS_DIR)/MovieApp.app/MovieApp";
			};
			name = Debug;
		};
		577B5F8C251EA75800F14E33 /* Release */ = {
			isa = XCBuildConfiguration;
			baseConfigurationReference = 7AD5491299D3CFF29C976185 /* Pods-MovieAppTests.release.xcconfig */;
			buildSettings = {
				ALWAYS_EMBED_SWIFT_STANDARD_LIBRARIES = YES;
				BUNDLE_LOADER = "$(TEST_HOST)";
				CODE_SIGN_STYLE = Automatic;
				INFOPLIST_FILE = MovieAppTests/Info.plist;
				IPHONEOS_DEPLOYMENT_TARGET = 14.0;
				LD_RUNPATH_SEARCH_PATHS = (
					"$(inherited)",
					"@executable_path/Frameworks",
					"@loader_path/Frameworks",
				);
				PRODUCT_BUNDLE_IDENTIFIER = vmiezah.MovieAppTests;
				PRODUCT_NAME = "$(TARGET_NAME)";
				SWIFT_VERSION = 5.0;
				TARGETED_DEVICE_FAMILY = "1,2";
				TEST_HOST = "$(BUILT_PRODUCTS_DIR)/MovieApp.app/MovieApp";
			};
			name = Release;
		};
		577B5F8E251EA75800F14E33 /* Debug */ = {
			isa = XCBuildConfiguration;
			baseConfigurationReference = E346396310AEEE575E9F3A53 /* Pods-MovieApp-MovieAppUITests.debug.xcconfig */;
			buildSettings = {
				ALWAYS_EMBED_SWIFT_STANDARD_LIBRARIES = YES;
				CODE_SIGN_STYLE = Automatic;
				INFOPLIST_FILE = MovieAppUITests/Info.plist;
				LD_RUNPATH_SEARCH_PATHS = (
					"$(inherited)",
					"@executable_path/Frameworks",
					"@loader_path/Frameworks",
				);
				PRODUCT_BUNDLE_IDENTIFIER = vmiezah.MovieAppUITests;
				PRODUCT_NAME = "$(TARGET_NAME)";
				SWIFT_VERSION = 5.0;
				TARGETED_DEVICE_FAMILY = "1,2";
				TEST_TARGET_NAME = MovieApp;
			};
			name = Debug;
		};
		577B5F8F251EA75800F14E33 /* Release */ = {
			isa = XCBuildConfiguration;
			baseConfigurationReference = 226E4D314824C690F33EF0B8 /* Pods-MovieApp-MovieAppUITests.release.xcconfig */;
			buildSettings = {
				ALWAYS_EMBED_SWIFT_STANDARD_LIBRARIES = YES;
				CODE_SIGN_STYLE = Automatic;
				INFOPLIST_FILE = MovieAppUITests/Info.plist;
				LD_RUNPATH_SEARCH_PATHS = (
					"$(inherited)",
					"@executable_path/Frameworks",
					"@loader_path/Frameworks",
				);
				PRODUCT_BUNDLE_IDENTIFIER = vmiezah.MovieAppUITests;
				PRODUCT_NAME = "$(TARGET_NAME)";
				SWIFT_VERSION = 5.0;
				TARGETED_DEVICE_FAMILY = "1,2";
				TEST_TARGET_NAME = MovieApp;
			};
			name = Release;
		};
/* End XCBuildConfiguration section */

/* Begin XCConfigurationList section */
		577B5F58251EA75400F14E33 /* Build configuration list for PBXProject "MovieApp" */ = {
			isa = XCConfigurationList;
			buildConfigurations = (
				577B5F85251EA75800F14E33 /* Debug */,
				577B5F86251EA75800F14E33 /* Release */,
			);
			defaultConfigurationIsVisible = 0;
			defaultConfigurationName = Release;
		};
		577B5F87251EA75800F14E33 /* Build configuration list for PBXNativeTarget "MovieApp" */ = {
			isa = XCConfigurationList;
			buildConfigurations = (
				577B5F88251EA75800F14E33 /* Debug */,
				577B5F89251EA75800F14E33 /* Release */,
			);
			defaultConfigurationIsVisible = 0;
			defaultConfigurationName = Release;
		};
		577B5F8A251EA75800F14E33 /* Build configuration list for PBXNativeTarget "MovieAppTests" */ = {
			isa = XCConfigurationList;
			buildConfigurations = (
				577B5F8B251EA75800F14E33 /* Debug */,
				577B5F8C251EA75800F14E33 /* Release */,
			);
			defaultConfigurationIsVisible = 0;
			defaultConfigurationName = Release;
		};
		577B5F8D251EA75800F14E33 /* Build configuration list for PBXNativeTarget "MovieAppUITests" */ = {
			isa = XCConfigurationList;
			buildConfigurations = (
				577B5F8E251EA75800F14E33 /* Debug */,
				577B5F8F251EA75800F14E33 /* Release */,
			);
			defaultConfigurationIsVisible = 0;
			defaultConfigurationName = Release;
		};
/* End XCConfigurationList section */
	};
	rootObject = 577B5F55251EA75400F14E33 /* Project object */;
}
